{
  "version": 4,
  "terraform_version": "1.5.3",
  "serial": 10,
  "lineage": "d86c62f9-b28c-a49c-d89b-12849077287d",
  "outputs": {
    "days": {
      "value": 0.009027777777777777777777777777777777777777777777777777777777777777777777777777777777777777777777777777777777777777777777777777777777777777777777777777777778,
      "type": "number"
    },
    "hours": {
      "value": 0.21666666666666666666666666666666666666666666666666666666666666666666666666666666666666666666666666666666666666666666666666666666666666666666666666666666667,
      "type": "number"
    },
    "minutes": {
      "value": 13,
      "type": "number"
    },
    "months": {
      "value": 0.00030092592592592592592592592592592592592592592592592592592592592592592592592592592592592592592592592592592592592592592592592592592592592592592592592592592594,
      "type": "number"
    },
    "seconds": {
      "value": 780,
      "type": "number"
    },
    "singular": {
      "value": 13,
      "type": "number"
    },
    "weeks": {
      "value": 0.0012896825396825396825396825396825396825396825396825396825396825396825396825396825396825396825396825396825396825396825396825396825396825396825396825396825397,
      "type": "number"
    }
  },
  "resources": [
    {
      "mode": "managed",
      "type": "random_integer",
      "name": "minutes",
      "provider": "provider[\"registry.terraform.io/hashicorp/random\"]",
      "instances": [
        {
          "schema_version": 0,
          "attributes": {
            "id": "13",
            "keepers": null,
            "max": 30,
            "min": 1,
            "result": 13,
            "seed": null
          },
          "sensitive_attributes": []
        }
      ]
    }
  ],
  "check_results": [
    {
      "object_kind": "output",
      "config_addr": "output.seconds",
      "status": "pass",
      "objects": [
        {
          "object_addr": "output.seconds",
          "status": "pass"
        }
      ]
    },
    {
      "object_kind": "output",
      "config_addr": "output.singular",
      "status": "pass",
      "objects": [
        {
          "object_addr": "output.singular",
          "status": "pass"
        }
      ]
    },
    {
      "object_kind": "output",
      "config_addr": "output.months",
      "status": "pass",
      "objects": [
        {
          "object_addr": "output.months",
          "status": "pass"
        }
      ]
    },
    {
      "object_kind": "output",
      "config_addr": "output.weeks",
      "status": "pass",
      "objects": [
        {
          "object_addr": "output.weeks",
          "status": "pass"
        }
      ]
    },
    {
      "object_kind": "output",
      "config_addr": "output.days",
      "status": "pass",
      "objects": [
        {
          "object_addr": "output.days",
          "status": "pass"
        }
      ]
    },
    {
      "object_kind": "output",
      "config_addr": "output.hours",
      "status": "pass",
      "objects": [
        {
          "object_addr": "output.hours",
          "status": "pass"
        }
      ]
    },
    {
      "object_kind": "output",
      "config_addr": "output.minutes",
      "status": "pass",
      "objects": [
        {
          "object_addr": "output.minutes",
          "status": "pass"
        }
      ]
    }
  ]
}
