{
  "version": 4,
  "terraform_version": "1.5.3",
  "serial": 46,
  "lineage": "d8d10c25-a492-b812-2f5f-f20066b118da",
  "outputs": {
    "days": {
      "value": 0.41666666666666666666666666666666666666666666666666666666666666666666666666666666666666666666666666666666666666666666666666666666666666666666666666666666665,
      "type": "number"
    },
    "hours": {
      "value": 10,
      "type": "number"
    },
    "minutes": {
      "value": 600,
      "type": "number"
    },
    "months": {
      "value": 0.013888888888888888888888888888888888888888888888888888888888888888888888888888888888888888888888888888888888888888888888888888888888888888888888888888888889,
      "type": "number"
    },
    "seconds": {
      "value": 36000,
      "type": "number"
    },
    "singular": {
      "value": 10,
      "type": "number"
    },
    "weeks": {
      "value": 0.059523809523809523809523809523809523809523809523809523809523809523809523809523809523809523809523809523809523809523809523809523809523809523809523809523809525,
      "type": "number"
    }
  },
  "resources": [
    {
      "mode": "managed",
      "type": "random_integer",
      "name": "hours",
      "provider": "provider[\"registry.terraform.io/hashicorp/random\"]",
      "instances": [
        {
          "schema_version": 0,
          "attributes": {
            "id": "10",
            "keepers": null,
            "max": 30,
            "min": 1,
            "result": 10,
            "seed": null
          },
          "sensitive_attributes": []
        }
      ]
    }
  ],
  "check_results": [
    {
      "object_kind": "output",
      "config_addr": "output.weeks",
      "status": "pass",
      "objects": [
        {
          "object_addr": "output.weeks",
          "status": "pass"
        }
      ]
    },
    {
      "object_kind": "output",
      "config_addr": "output.days",
      "status": "pass",
      "objects": [
        {
          "object_addr": "output.days",
          "status": "pass"
        }
      ]
    },
    {
      "object_kind": "output",
      "config_addr": "output.hours",
      "status": "pass",
      "objects": [
        {
          "object_addr": "output.hours",
          "status": "pass"
        }
      ]
    },
    {
      "object_kind": "output",
      "config_addr": "output.minutes",
      "status": "pass",
      "objects": [
        {
          "object_addr": "output.minutes",
          "status": "pass"
        }
      ]
    },
    {
      "object_kind": "output",
      "config_addr": "output.seconds",
      "status": "pass",
      "objects": [
        {
          "object_addr": "output.seconds",
          "status": "pass"
        }
      ]
    },
    {
      "object_kind": "output",
      "config_addr": "output.singular",
      "status": "pass",
      "objects": [
        {
          "object_addr": "output.singular",
          "status": "pass"
        }
      ]
    },
    {
      "object_kind": "output",
      "config_addr": "output.months",
      "status": "pass",
      "objects": [
        {
          "object_addr": "output.months",
          "status": "pass"
        }
      ]
    }
  ]
}
