{
  "version": 4,
  "terraform_version": "1.5.3",
  "serial": 84,
  "lineage": "1494d76e-31d4-37fb-1e8b-6ba4db721134",
  "outputs": {
    "days": {
      "value": 18,
      "type": "number"
    },
    "hours": {
      "value": 432,
      "type": "number"
    },
    "minutes": {
      "value": 25920,
      "type": "number"
    },
    "months": {
      "value": 0.6,
      "type": "number"
    },
    "seconds": {
      "value": 1555200,
      "type": "number"
    },
    "singular": {
      "value": 18,
      "type": "number"
    },
    "weeks": {
      "value": 2.5714285714285714285714285714285714285714285714285714285714285714285714285714285714285714285714285714285714285714285714285714285714285714285714285714285716,
      "type": "number"
    }
  },
  "resources": [
    {
      "mode": "managed",
      "type": "random_integer",
      "name": "days",
      "provider": "provider[\"registry.terraform.io/hashicorp/random\"]",
      "instances": [
        {
          "schema_version": 0,
          "attributes": {
            "id": "18",
            "keepers": null,
            "max": 30,
            "min": 1,
            "result": 18,
            "seed": null
          },
          "sensitive_attributes": []
        }
      ]
    }
  ],
  "check_results": [
    {
      "object_kind": "output",
      "config_addr": "output.singular",
      "status": "pass",
      "objects": [
        {
          "object_addr": "output.singular",
          "status": "pass"
        }
      ]
    },
    {
      "object_kind": "output",
      "config_addr": "output.months",
      "status": "pass",
      "objects": [
        {
          "object_addr": "output.months",
          "status": "pass"
        }
      ]
    },
    {
      "object_kind": "output",
      "config_addr": "output.weeks",
      "status": "pass",
      "objects": [
        {
          "object_addr": "output.weeks",
          "status": "pass"
        }
      ]
    },
    {
      "object_kind": "output",
      "config_addr": "output.days",
      "status": "pass",
      "objects": [
        {
          "object_addr": "output.days",
          "status": "pass"
        }
      ]
    },
    {
      "object_kind": "output",
      "config_addr": "output.hours",
      "status": "pass",
      "objects": [
        {
          "object_addr": "output.hours",
          "status": "pass"
        }
      ]
    },
    {
      "object_kind": "output",
      "config_addr": "output.minutes",
      "status": "pass",
      "objects": [
        {
          "object_addr": "output.minutes",
          "status": "pass"
        }
      ]
    },
    {
      "object_kind": "output",
      "config_addr": "output.seconds",
      "status": "pass",
      "objects": [
        {
          "object_addr": "output.seconds",
          "status": "pass"
        }
      ]
    }
  ]
}
